
Microsoft Visual Studio Solution File, Format Version 12.00
# Visual Studio Version 16
VisualStudioVersion = 16.0.29613.14
MinimumVisualStudioVersion = 10.0.40219.1
Project("{FAE04EC0-301F-11D3-BF4B-00C04F79EFBC}") = "Laborator4", "Laborator4\Laborator4.csproj", "{2ECF1ADA-0E05-4414-B429-256A3088D367}"
EndProject
Global
	GlobalSection(SolutionConfigurationPlatforms) = preSolution
		Debug|Any CPU = Debug|Any CPU
		Release|Any CPU = Release|Any CPU
	EndGlobalSection
	GlobalSection(ProjectConfigurationPlatforms) = postSolution
		{2ECF1ADA-0E05-4414-B429-256A3088D367}.Debug|Any CPU.ActiveCfg = Debug|Any CPU
		{2ECF1ADA-0E05-4414-B429-256A3088D367}.Debug|Any CPU.Build.0 = Debug|Any CPU
		{2ECF1ADA-0E05-4414-B429-256A3088D367}.Release|Any CPU.ActiveCfg = Release|Any CPU
		{2ECF1ADA-0E05-4414-B429-256A3088D367}.Release|Any CPU.Build.0 = Release|Any CPU
	EndGlobalSection
	GlobalSection(SolutionProperties) = preSolution
		HideSolutionNode = FALSE
	EndGlobalSection
	GlobalSection(ExtensibilityGlobals) = postSolution
		SolutionGuid = {1EAAC712-F6D7-48E7-A202-4A3597E2CBE4}
	EndGlobalSection
EndGlobal
